{
  "version": "5",
  "redirects": {
    "https://esm.sh/@supabase/supabase-js@2": "https://esm.sh/@supabase/supabase-js@2.111.0"
  },
  "remote": {
    "https://esm.sh/@supabase/supabase-js@2.111.0": "276104e20b7318fac2be1c67eb9be93f4280f5ec9f2fc5ac7b32e1f0ed6f31ba"
  },
  "workspace": {
    "packageJson": {
      "dependencies": [
        "npm:@capacitor/android@^8.4.2",
        "npm:@capacitor/app@^8.1.1",
        "npm:@capacitor/cli@^8.4.2",
        "npm:@capacitor/core@^8.4.2",
        "npm:@capacitor/push-notifications@^8.1.2",
        "npm:@capacitor/splash-screen@^8.0.2",
        "npm:@capacitor/status-bar@^8.0.3",
        "npm:@playwright/test@^1.61.0",
        "npm:docx-preview@0.4.0",
        "npm:mammoth@1.12.0",
        "npm:playwright@^1.61.0"
      ]
    }
  }
}
